
Microsoft Visual Studio Solution File, Format Version 12.00
# Visual Studio Version 17
VisualStudioVersion = 17.4.33205.214
MinimumVisualStudioVersion = 10.0.40219.1
Project("{FAE04EC0-301F-11D3-BF4B-00C04F79EFBC}") = "ZMClick", "ZMClick.csproj", "{0C3ABD95-5E0A-4FB9-A425-A85E4BB78C62}"
EndProject
Global
	GlobalSection(SolutionConfigurationPlatforms) = preSolution
		Debug|Any CPU = Debug|Any CPU
		Release|Any CPU = Release|Any CPU
	EndGlobalSection
	GlobalSection(ProjectConfigurationPlatforms) = postSolution
		{0C3ABD95-5E0A-4FB9-A425-A85E4BB78C62}.Debug|Any CPU.ActiveCfg = Debug|Any CPU
		{0C3ABD95-5E0A-4FB9-A425-A85E4BB78C62}.Debug|Any CPU.Build.0 = Debug|Any CPU
		{0C3ABD95-5E0A-4FB9-A425-A85E4BB78C62}.Release|Any CPU.ActiveCfg = Release|Any CPU
		{0C3ABD95-5E0A-4FB9-A425-A85E4BB78C62}.Release|Any CPU.Build.0 = Release|Any CPU
	EndGlobalSection
	GlobalSection(SolutionProperties) = preSolution
		HideSolutionNode = FALSE
	EndGlobalSection
	GlobalSection(ExtensibilityGlobals) = postSolution
		SolutionGuid = {7F6A9D7D-287A-4A50-922F-8420E1D88384}
	EndGlobalSection
EndGlobal
